
Microsoft Visual Studio Solution File, Format Version 12.00
# Visual Studio Version 17
VisualStudioVersion = 17.1.32319.34
MinimumVisualStudioVersion = 10.0.40219.1
Project("{888888A0-9F3D-457C-B088-3A5042F75D52}") = "bam_associations_intro", "bam_associations_intro.pyproj", "{BF9B466F-70D0-4BFE-BADA-A4EEC621319E}"
EndProject
Global
	GlobalSection(SolutionConfigurationPlatforms) = preSolution
		Debug|Any CPU = Debug|Any CPU
		Release|Any CPU = Release|Any CPU
	EndGlobalSection
	GlobalSection(ProjectConfigurationPlatforms) = postSolution
		{BF9B466F-70D0-4BFE-BADA-A4EEC621319E}.Debug|Any CPU.ActiveCfg = Debug|Any CPU
		{BF9B466F-70D0-4BFE-BADA-A4EEC621319E}.Release|Any CPU.ActiveCfg = Release|Any CPU
	EndGlobalSection
	GlobalSection(SolutionProperties) = preSolution
		HideSolutionNode = FALSE
	EndGlobalSection
	GlobalSection(ExtensibilityGlobals) = postSolution
		SolutionGuid = {B2279E51-CC33-4F6C-B627-E7F057E78EED}
	EndGlobalSection
EndGlobal
